
Microsoft Visual Studio Solution File, Format Version 12.00
# Visual Studio Version 17
VisualStudioVersion = 17.2.32630.192
MinimumVisualStudioVersion = 10.0.40219.1
Project("{9A19103F-16F7-4668-BE54-9A1E7A4F7556}") = "Stas.GA", "Stas.GA\Stas.GA.csproj", "{F91E45A5-0DEE-4D4C-A89C-69B18F38134E}"
EndProject
Project("{9A19103F-16F7-4668-BE54-9A1E7A4F7556}") = "Stas.ImGuiNet", "Stas.ImGuiNet\Stas.ImGuiNet.csproj", "{3D7AC5D6-3606-4AF5-B60A-FBFEB5E788B1}"
EndProject
Project("{9A19103F-16F7-4668-BE54-9A1E7A4F7556}") = "Stas.Utils", "Stas.Utils\Stas.Utils.csproj", "{75903800-8AF1-4C61-B50B-53CA92E39AAD}"
EndProject
Global
	GlobalSection(SolutionConfigurationPlatforms) = preSolution
		Debug|Any CPU = Debug|Any CPU
		Release|Any CPU = Release|Any CPU
	EndGlobalSection
	GlobalSection(ProjectConfigurationPlatforms) = postSolution
		{F91E45A5-0DEE-4D4C-A89C-69B18F38134E}.Debug|Any CPU.ActiveCfg = Debug|Any CPU
		{F91E45A5-0DEE-4D4C-A89C-69B18F38134E}.Debug|Any CPU.Build.0 = Debug|Any CPU
		{F91E45A5-0DEE-4D4C-A89C-69B18F38134E}.Release|Any CPU.ActiveCfg = Release|Any CPU
		{F91E45A5-0DEE-4D4C-A89C-69B18F38134E}.Release|Any CPU.Build.0 = Release|Any CPU
		{3D7AC5D6-3606-4AF5-B60A-FBFEB5E788B1}.Debug|Any CPU.ActiveCfg = Debug|Any CPU
		{3D7AC5D6-3606-4AF5-B60A-FBFEB5E788B1}.Debug|Any CPU.Build.0 = Debug|Any CPU
		{3D7AC5D6-3606-4AF5-B60A-FBFEB5E788B1}.Release|Any CPU.ActiveCfg = Release|Any CPU
		{3D7AC5D6-3606-4AF5-B60A-FBFEB5E788B1}.Release|Any CPU.Build.0 = Release|Any CPU
		{75903800-8AF1-4C61-B50B-53CA92E39AAD}.Debug|Any CPU.ActiveCfg = Debug|Any CPU
		{75903800-8AF1-4C61-B50B-53CA92E39AAD}.Debug|Any CPU.Build.0 = Debug|Any CPU
		{75903800-8AF1-4C61-B50B-53CA92E39AAD}.Release|Any CPU.ActiveCfg = Release|Any CPU
		{75903800-8AF1-4C61-B50B-53CA92E39AAD}.Release|Any CPU.Build.0 = Release|Any CPU
	EndGlobalSection
	GlobalSection(SolutionProperties) = preSolution
		HideSolutionNode = FALSE
	EndGlobalSection
	GlobalSection(ExtensibilityGlobals) = postSolution
		SolutionGuid = {6CB26318-014D-4959-8116-07FD055D941A}
	EndGlobalSection
EndGlobal
